
Microsoft Visual Studio Solution File, Format Version 12.00
# Visual Studio 15
VisualStudioVersion = 15.0.26124.0
MinimumVisualStudioVersion = 15.0.26124.0
Project("{FAE04EC0-301F-11D3-BF4B-00C04F79EFBC}") = "Phema.Localization", "src\Phema.Localization\Phema.Localization.csproj", "{AC627342-71BA-41C9-BDA9-A53976CEA7B1}"
EndProject
Project("{FAE04EC0-301F-11D3-BF4B-00C04F79EFBC}") = "Phema.Localization.AspNetCore", "src\Phema.Localization.AspNetCore\Phema.Localization.AspNetCore.csproj", "{DDF26006-6F37-4DA6-A08F-F8D5CDE49133}"
EndProject
Project("{FAE04EC0-301F-11D3-BF4B-00C04F79EFBC}") = "Phema.Localization.Sandbox", "src\Phema.Localization.Sandbox\Phema.Localization.Sandbox.csproj", "{177A0E4D-39EF-4244-A9A6-86BC6E2A0B1F}"
EndProject
Project("{2150E333-8FDC-42A3-9474-1A3956D46DE8}") = "src", "src", "{36693FE3-2980-4687-9DBF-8550EB9C6EC8}"
EndProject
Project("{2150E333-8FDC-42A3-9474-1A3956D46DE8}") = "tests", "tests", "{F6A60CA9-5A24-449C-82D1-13DD4B775B55}"
EndProject
Project("{FAE04EC0-301F-11D3-BF4B-00C04F79EFBC}") = "Phema.Localization.Tests", "tests\Phema.Localization.Tests\Phema.Localization.Tests.csproj", "{09A5D709-6BBE-4BB5-97D9-E9971E657BBE}"
EndProject
Project("{FAE04EC0-301F-11D3-BF4B-00C04F79EFBC}") = "Phema.Localization.AspNetCore.Tests", "tests\Phema.Localization.AspNetCore.Tests\Phema.Localization.AspNetCore.Tests.csproj", "{7516A999-2C92-4DAF-B6FE-2A4B1815230F}"
EndProject
Global
	GlobalSection(SolutionConfigurationPlatforms) = preSolution
		Debug|Any CPU = Debug|Any CPU
		Debug|x64 = Debug|x64
		Debug|x86 = Debug|x86
		Release|Any CPU = Release|Any CPU
		Release|x64 = Release|x64
		Release|x86 = Release|x86
	EndGlobalSection
	GlobalSection(SolutionProperties) = preSolution
		HideSolutionNode = FALSE
	EndGlobalSection
	GlobalSection(ProjectConfigurationPlatforms) = postSolution
		{AC627342-71BA-41C9-BDA9-A53976CEA7B1}.Debug|Any CPU.ActiveCfg = Debug|Any CPU
		{AC627342-71BA-41C9-BDA9-A53976CEA7B1}.Debug|Any CPU.Build.0 = Debug|Any CPU
		{AC627342-71BA-41C9-BDA9-A53976CEA7B1}.Debug|x64.ActiveCfg = Debug|Any CPU
		{AC627342-71BA-41C9-BDA9-A53976CEA7B1}.Debug|x64.Build.0 = Debug|Any CPU
		{AC627342-71BA-41C9-BDA9-A53976CEA7B1}.Debug|x86.ActiveCfg = Debug|Any CPU
		{AC627342-71BA-41C9-BDA9-A53976CEA7B1}.Debug|x86.Build.0 = Debug|Any CPU
		{AC627342-71BA-41C9-BDA9-A53976CEA7B1}.Release|Any CPU.ActiveCfg = Release|Any CPU
		{AC627342-71BA-41C9-BDA9-A53976CEA7B1}.Release|Any CPU.Build.0 = Release|Any CPU
		{AC627342-71BA-41C9-BDA9-A53976CEA7B1}.Release|x64.ActiveCfg = Release|Any CPU
		{AC627342-71BA-41C9-BDA9-A53976CEA7B1}.Release|x64.Build.0 = Release|Any CPU
		{AC627342-71BA-41C9-BDA9-A53976CEA7B1}.Release|x86.ActiveCfg = Release|Any CPU
		{AC627342-71BA-41C9-BDA9-A53976CEA7B1}.Release|x86.Build.0 = Release|Any CPU
		{DDF26006-6F37-4DA6-A08F-F8D5CDE49133}.Debug|Any CPU.ActiveCfg = Debug|Any CPU
		{DDF26006-6F37-4DA6-A08F-F8D5CDE49133}.Debug|Any CPU.Build.0 = Debug|Any CPU
		{DDF26006-6F37-4DA6-A08F-F8D5CDE49133}.Debug|x64.ActiveCfg = Debug|Any CPU
		{DDF26006-6F37-4DA6-A08F-F8D5CDE49133}.Debug|x64.Build.0 = Debug|Any CPU
		{DDF26006-6F37-4DA6-A08F-F8D5CDE49133}.Debug|x86.ActiveCfg = Debug|Any CPU
		{DDF26006-6F37-4DA6-A08F-F8D5CDE49133}.Debug|x86.Build.0 = Debug|Any CPU
		{DDF26006-6F37-4DA6-A08F-F8D5CDE49133}.Release|Any CPU.ActiveCfg = Release|Any CPU
		{DDF26006-6F37-4DA6-A08F-F8D5CDE49133}.Release|Any CPU.Build.0 = Release|Any CPU
		{DDF26006-6F37-4DA6-A08F-F8D5CDE49133}.Release|x64.ActiveCfg = Release|Any CPU
		{DDF26006-6F37-4DA6-A08F-F8D5CDE49133}.Release|x64.Build.0 = Release|Any CPU
		{DDF26006-6F37-4DA6-A08F-F8D5CDE49133}.Release|x86.ActiveCfg = Release|Any CPU
		{DDF26006-6F37-4DA6-A08F-F8D5CDE49133}.Release|x86.Build.0 = Release|Any CPU
		{177A0E4D-39EF-4244-A9A6-86BC6E2A0B1F}.Debug|Any CPU.ActiveCfg = Debug|Any CPU
		{177A0E4D-39EF-4244-A9A6-86BC6E2A0B1F}.Debug|Any CPU.Build.0 = Debug|Any CPU
		{177A0E4D-39EF-4244-A9A6-86BC6E2A0B1F}.Debug|x64.ActiveCfg = Debug|Any CPU
		{177A0E4D-39EF-4244-A9A6-86BC6E2A0B1F}.Debug|x64.Build.0 = Debug|Any CPU
		{177A0E4D-39EF-4244-A9A6-86BC6E2A0B1F}.Debug|x86.ActiveCfg = Debug|Any CPU
		{177A0E4D-39EF-4244-A9A6-86BC6E2A0B1F}.Debug|x86.Build.0 = Debug|Any CPU
		{177A0E4D-39EF-4244-A9A6-86BC6E2A0B1F}.Release|Any CPU.ActiveCfg = Release|Any CPU
		{177A0E4D-39EF-4244-A9A6-86BC6E2A0B1F}.Release|Any CPU.Build.0 = Release|Any CPU
		{177A0E4D-39EF-4244-A9A6-86BC6E2A0B1F}.Release|x64.ActiveCfg = Release|Any CPU
		{177A0E4D-39EF-4244-A9A6-86BC6E2A0B1F}.Release|x64.Build.0 = Release|Any CPU
		{177A0E4D-39EF-4244-A9A6-86BC6E2A0B1F}.Release|x86.ActiveCfg = Release|Any CPU
		{177A0E4D-39EF-4244-A9A6-86BC6E2A0B1F}.Release|x86.Build.0 = Release|Any CPU
		{09A5D709-6BBE-4BB5-97D9-E9971E657BBE}.Debug|Any CPU.ActiveCfg = Debug|Any CPU
		{09A5D709-6BBE-4BB5-97D9-E9971E657BBE}.Debug|Any CPU.Build.0 = Debug|Any CPU
		{09A5D709-6BBE-4BB5-97D9-E9971E657BBE}.Debug|x64.ActiveCfg = Debug|Any CPU
		{09A5D709-6BBE-4BB5-97D9-E9971E657BBE}.Debug|x64.Build.0 = Debug|Any CPU
		{09A5D709-6BBE-4BB5-97D9-E9971E657BBE}.Debug|x86.ActiveCfg = Debug|Any CPU
		{09A5D709-6BBE-4BB5-97D9-E9971E657BBE}.Debug|x86.Build.0 = Debug|Any CPU
		{09A5D709-6BBE-4BB5-97D9-E9971E657BBE}.Release|Any CPU.ActiveCfg = Release|Any CPU
		{09A5D709-6BBE-4BB5-97D9-E9971E657BBE}.Release|Any CPU.Build.0 = Release|Any CPU
		{09A5D709-6BBE-4BB5-97D9-E9971E657BBE}.Release|x64.ActiveCfg = Release|Any CPU
		{09A5D709-6BBE-4BB5-97D9-E9971E657BBE}.Release|x64.Build.0 = Release|Any CPU
		{09A5D709-6BBE-4BB5-97D9-E9971E657BBE}.Release|x86.ActiveCfg = Release|Any CPU
		{09A5D709-6BBE-4BB5-97D9-E9971E657BBE}.Release|x86.Build.0 = Release|Any CPU
		{7516A999-2C92-4DAF-B6FE-2A4B1815230F}.Debug|Any CPU.ActiveCfg = Debug|Any CPU
		{7516A999-2C92-4DAF-B6FE-2A4B1815230F}.Debug|Any CPU.Build.0 = Debug|Any CPU
		{7516A999-2C92-4DAF-B6FE-2A4B1815230F}.Debug|x64.ActiveCfg = Debug|Any CPU
		{7516A999-2C92-4DAF-B6FE-2A4B1815230F}.Debug|x64.Build.0 = Debug|Any CPU
		{7516A999-2C92-4DAF-B6FE-2A4B1815230F}.Debug|x86.ActiveCfg = Debug|Any CPU
		{7516A999-2C92-4DAF-B6FE-2A4B1815230F}.Debug|x86.Build.0 = Debug|Any CPU
		{7516A999-2C92-4DAF-B6FE-2A4B1815230F}.Release|Any CPU.ActiveCfg = Release|Any CPU
		{7516A999-2C92-4DAF-B6FE-2A4B1815230F}.Release|Any CPU.Build.0 = Release|Any CPU
		{7516A999-2C92-4DAF-B6FE-2A4B1815230F}.Release|x64.ActiveCfg = Release|Any CPU
		{7516A999-2C92-4DAF-B6FE-2A4B1815230F}.Release|x64.Build.0 = Release|Any CPU
		{7516A999-2C92-4DAF-B6FE-2A4B1815230F}.Release|x86.ActiveCfg = Release|Any CPU
		{7516A999-2C92-4DAF-B6FE-2A4B1815230F}.Release|x86.Build.0 = Release|Any CPU
	EndGlobalSection
	GlobalSection(NestedProjects) = preSolution
		{AC627342-71BA-41C9-BDA9-A53976CEA7B1} = {36693FE3-2980-4687-9DBF-8550EB9C6EC8}
		{DDF26006-6F37-4DA6-A08F-F8D5CDE49133} = {36693FE3-2980-4687-9DBF-8550EB9C6EC8}
		{177A0E4D-39EF-4244-A9A6-86BC6E2A0B1F} = {36693FE3-2980-4687-9DBF-8550EB9C6EC8}
		{09A5D709-6BBE-4BB5-97D9-E9971E657BBE} = {F6A60CA9-5A24-449C-82D1-13DD4B775B55}
		{7516A999-2C92-4DAF-B6FE-2A4B1815230F} = {F6A60CA9-5A24-449C-82D1-13DD4B775B55}
	EndGlobalSection
EndGlobal
