
Microsoft Visual Studio Solution File, Format Version 12.00
# Visual Studio 15
VisualStudioVersion = 15.0.26124.0
MinimumVisualStudioVersion = 15.0.26124.0
Project("{FAE04EC0-301F-11D3-BF4B-00C04F79EFBC}") = "Phema.Localization", "src\Phema.Localization\Phema.Localization.csproj", "{AC627342-71BA-41C9-BDA9-A53976CEA7B1}"
EndProject
Project("{FAE04EC0-301F-11D3-BF4B-00C04F79EFBC}") = "Phema.Localization.Sandbox", "Phema.Localization.Sandbox\Phema.Localization.Sandbox.csproj", "{1BA3418C-F07D-4D33-9D12-94E813CE6579}"
EndProject
Project("{FAE04EC0-301F-11D3-BF4B-00C04F79EFBC}") = "Phema.Localization.AspNetCore", "Phema.Localization.AspNetCore\Phema.Localization.AspNetCore.csproj", "{F514A32D-35E4-4F93-A528-6CB747644501}"
EndProject
Project("{FAE04EC0-301F-11D3-BF4B-00C04F79EFBC}") = "Phema.Localization.Tests", "Phema.Localization.Tests\Phema.Localization.Tests.csproj", "{6194D75B-8552-4B2C-AA6F-72302A24EAEB}"
EndProject
Global
	GlobalSection(SolutionConfigurationPlatforms) = preSolution
		Debug|Any CPU = Debug|Any CPU
		Debug|x64 = Debug|x64
		Debug|x86 = Debug|x86
		Release|Any CPU = Release|Any CPU
		Release|x64 = Release|x64
		Release|x86 = Release|x86
	EndGlobalSection
	GlobalSection(SolutionProperties) = preSolution
		HideSolutionNode = FALSE
	EndGlobalSection
	GlobalSection(ProjectConfigurationPlatforms) = postSolution
		{AC627342-71BA-41C9-BDA9-A53976CEA7B1}.Debug|Any CPU.ActiveCfg = Debug|Any CPU
		{AC627342-71BA-41C9-BDA9-A53976CEA7B1}.Debug|Any CPU.Build.0 = Debug|Any CPU
		{AC627342-71BA-41C9-BDA9-A53976CEA7B1}.Debug|x64.ActiveCfg = Debug|Any CPU
		{AC627342-71BA-41C9-BDA9-A53976CEA7B1}.Debug|x64.Build.0 = Debug|Any CPU
		{AC627342-71BA-41C9-BDA9-A53976CEA7B1}.Debug|x86.ActiveCfg = Debug|Any CPU
		{AC627342-71BA-41C9-BDA9-A53976CEA7B1}.Debug|x86.Build.0 = Debug|Any CPU
		{AC627342-71BA-41C9-BDA9-A53976CEA7B1}.Release|Any CPU.ActiveCfg = Release|Any CPU
		{AC627342-71BA-41C9-BDA9-A53976CEA7B1}.Release|Any CPU.Build.0 = Release|Any CPU
		{AC627342-71BA-41C9-BDA9-A53976CEA7B1}.Release|x64.ActiveCfg = Release|Any CPU
		{AC627342-71BA-41C9-BDA9-A53976CEA7B1}.Release|x64.Build.0 = Release|Any CPU
		{AC627342-71BA-41C9-BDA9-A53976CEA7B1}.Release|x86.ActiveCfg = Release|Any CPU
		{AC627342-71BA-41C9-BDA9-A53976CEA7B1}.Release|x86.Build.0 = Release|Any CPU
		{1BA3418C-F07D-4D33-9D12-94E813CE6579}.Debug|Any CPU.ActiveCfg = Debug|Any CPU
		{1BA3418C-F07D-4D33-9D12-94E813CE6579}.Debug|Any CPU.Build.0 = Debug|Any CPU
		{1BA3418C-F07D-4D33-9D12-94E813CE6579}.Debug|x64.ActiveCfg = Debug|Any CPU
		{1BA3418C-F07D-4D33-9D12-94E813CE6579}.Debug|x64.Build.0 = Debug|Any CPU
		{1BA3418C-F07D-4D33-9D12-94E813CE6579}.Debug|x86.ActiveCfg = Debug|Any CPU
		{1BA3418C-F07D-4D33-9D12-94E813CE6579}.Debug|x86.Build.0 = Debug|Any CPU
		{1BA3418C-F07D-4D33-9D12-94E813CE6579}.Release|Any CPU.ActiveCfg = Release|Any CPU
		{1BA3418C-F07D-4D33-9D12-94E813CE6579}.Release|Any CPU.Build.0 = Release|Any CPU
		{1BA3418C-F07D-4D33-9D12-94E813CE6579}.Release|x64.ActiveCfg = Release|Any CPU
		{1BA3418C-F07D-4D33-9D12-94E813CE6579}.Release|x64.Build.0 = Release|Any CPU
		{1BA3418C-F07D-4D33-9D12-94E813CE6579}.Release|x86.ActiveCfg = Release|Any CPU
		{1BA3418C-F07D-4D33-9D12-94E813CE6579}.Release|x86.Build.0 = Release|Any CPU
		{F514A32D-35E4-4F93-A528-6CB747644501}.Debug|Any CPU.ActiveCfg = Debug|Any CPU
		{F514A32D-35E4-4F93-A528-6CB747644501}.Debug|Any CPU.Build.0 = Debug|Any CPU
		{F514A32D-35E4-4F93-A528-6CB747644501}.Debug|x64.ActiveCfg = Debug|Any CPU
		{F514A32D-35E4-4F93-A528-6CB747644501}.Debug|x64.Build.0 = Debug|Any CPU
		{F514A32D-35E4-4F93-A528-6CB747644501}.Debug|x86.ActiveCfg = Debug|Any CPU
		{F514A32D-35E4-4F93-A528-6CB747644501}.Debug|x86.Build.0 = Debug|Any CPU
		{F514A32D-35E4-4F93-A528-6CB747644501}.Release|Any CPU.ActiveCfg = Release|Any CPU
		{F514A32D-35E4-4F93-A528-6CB747644501}.Release|Any CPU.Build.0 = Release|Any CPU
		{F514A32D-35E4-4F93-A528-6CB747644501}.Release|x64.ActiveCfg = Release|Any CPU
		{F514A32D-35E4-4F93-A528-6CB747644501}.Release|x64.Build.0 = Release|Any CPU
		{F514A32D-35E4-4F93-A528-6CB747644501}.Release|x86.ActiveCfg = Release|Any CPU
		{F514A32D-35E4-4F93-A528-6CB747644501}.Release|x86.Build.0 = Release|Any CPU
		{6194D75B-8552-4B2C-AA6F-72302A24EAEB}.Debug|Any CPU.ActiveCfg = Debug|Any CPU
		{6194D75B-8552-4B2C-AA6F-72302A24EAEB}.Debug|Any CPU.Build.0 = Debug|Any CPU
		{6194D75B-8552-4B2C-AA6F-72302A24EAEB}.Debug|x64.ActiveCfg = Debug|Any CPU
		{6194D75B-8552-4B2C-AA6F-72302A24EAEB}.Debug|x64.Build.0 = Debug|Any CPU
		{6194D75B-8552-4B2C-AA6F-72302A24EAEB}.Debug|x86.ActiveCfg = Debug|Any CPU
		{6194D75B-8552-4B2C-AA6F-72302A24EAEB}.Debug|x86.Build.0 = Debug|Any CPU
		{6194D75B-8552-4B2C-AA6F-72302A24EAEB}.Release|Any CPU.ActiveCfg = Release|Any CPU
		{6194D75B-8552-4B2C-AA6F-72302A24EAEB}.Release|Any CPU.Build.0 = Release|Any CPU
		{6194D75B-8552-4B2C-AA6F-72302A24EAEB}.Release|x64.ActiveCfg = Release|Any CPU
		{6194D75B-8552-4B2C-AA6F-72302A24EAEB}.Release|x64.Build.0 = Release|Any CPU
		{6194D75B-8552-4B2C-AA6F-72302A24EAEB}.Release|x86.ActiveCfg = Release|Any CPU
		{6194D75B-8552-4B2C-AA6F-72302A24EAEB}.Release|x86.Build.0 = Release|Any CPU
	EndGlobalSection
EndGlobal
