
Microsoft Visual Studio Solution File, Format Version 12.00
# Visual Studio 15
VisualStudioVersion = 15.0.26124.0
MinimumVisualStudioVersion = 15.0.26124.0
Project("{2150E333-8FDC-42A3-9474-1A3956D46DE8}") = "src", "src", "{98E209EE-0BE7-4317-B614-DA52FAF715CE}"
EndProject
Project("{FAE04EC0-301F-11D3-BF4B-00C04F79EFBC}") = "Phema.Localization", "src\Phema.Localization\Phema.Localization.csproj", "{F3551DF6-3301-4FC5-831C-D0ABBE075301}"
EndProject
Project("{FAE04EC0-301F-11D3-BF4B-00C04F79EFBC}") = "Phema.Localization.Core", "src\Phema.Localization.Core\Phema.Localization.Core.csproj", "{9498456D-B65D-4311-98A7-9DC891A8FFE6}"
EndProject
Project("{FAE04EC0-301F-11D3-BF4B-00C04F79EFBC}") = "Phema.Localization.Cultures", "src\Phema.Localization.Cultures\Phema.Localization.Cultures.csproj", "{BB2CF470-77E4-41CA-A480-56EAEC63C5D3}"
EndProject
Project("{2150E333-8FDC-42A3-9474-1A3956D46DE8}") = "tests", "tests", "{072AA046-7ACF-46B6-90AE-68330362DB80}"
EndProject
Project("{FAE04EC0-301F-11D3-BF4B-00C04F79EFBC}") = "Phema.Localization.Tests", "tests\Phema.Localization.Tests\Phema.Localization.Tests.csproj", "{69C12409-69EC-49B9-A17D-6E673C3BE73E}"
EndProject
Project("{FAE04EC0-301F-11D3-BF4B-00C04F79EFBC}") = "Phema.Localization.Cultures.Tests", "tests\Phema.Localization.Cultures.Tests\Phema.Localization.Cultures.Tests.csproj", "{74F13A09-8629-4D51-9EB3-94138751DF3A}"
EndProject
Global
	GlobalSection(SolutionConfigurationPlatforms) = preSolution
		Debug|Any CPU = Debug|Any CPU
		Debug|x64 = Debug|x64
		Debug|x86 = Debug|x86
		Release|Any CPU = Release|Any CPU
		Release|x64 = Release|x64
		Release|x86 = Release|x86
	EndGlobalSection
	GlobalSection(SolutionProperties) = preSolution
		HideSolutionNode = FALSE
	EndGlobalSection
	GlobalSection(ProjectConfigurationPlatforms) = postSolution
		{F3551DF6-3301-4FC5-831C-D0ABBE075301}.Debug|Any CPU.ActiveCfg = Debug|Any CPU
		{F3551DF6-3301-4FC5-831C-D0ABBE075301}.Debug|Any CPU.Build.0 = Debug|Any CPU
		{F3551DF6-3301-4FC5-831C-D0ABBE075301}.Debug|x64.ActiveCfg = Debug|Any CPU
		{F3551DF6-3301-4FC5-831C-D0ABBE075301}.Debug|x64.Build.0 = Debug|Any CPU
		{F3551DF6-3301-4FC5-831C-D0ABBE075301}.Debug|x86.ActiveCfg = Debug|Any CPU
		{F3551DF6-3301-4FC5-831C-D0ABBE075301}.Debug|x86.Build.0 = Debug|Any CPU
		{F3551DF6-3301-4FC5-831C-D0ABBE075301}.Release|Any CPU.ActiveCfg = Release|Any CPU
		{F3551DF6-3301-4FC5-831C-D0ABBE075301}.Release|Any CPU.Build.0 = Release|Any CPU
		{F3551DF6-3301-4FC5-831C-D0ABBE075301}.Release|x64.ActiveCfg = Release|Any CPU
		{F3551DF6-3301-4FC5-831C-D0ABBE075301}.Release|x64.Build.0 = Release|Any CPU
		{F3551DF6-3301-4FC5-831C-D0ABBE075301}.Release|x86.ActiveCfg = Release|Any CPU
		{F3551DF6-3301-4FC5-831C-D0ABBE075301}.Release|x86.Build.0 = Release|Any CPU
		{9498456D-B65D-4311-98A7-9DC891A8FFE6}.Debug|Any CPU.ActiveCfg = Debug|Any CPU
		{9498456D-B65D-4311-98A7-9DC891A8FFE6}.Debug|Any CPU.Build.0 = Debug|Any CPU
		{9498456D-B65D-4311-98A7-9DC891A8FFE6}.Debug|x64.ActiveCfg = Debug|Any CPU
		{9498456D-B65D-4311-98A7-9DC891A8FFE6}.Debug|x64.Build.0 = Debug|Any CPU
		{9498456D-B65D-4311-98A7-9DC891A8FFE6}.Debug|x86.ActiveCfg = Debug|Any CPU
		{9498456D-B65D-4311-98A7-9DC891A8FFE6}.Debug|x86.Build.0 = Debug|Any CPU
		{9498456D-B65D-4311-98A7-9DC891A8FFE6}.Release|Any CPU.ActiveCfg = Release|Any CPU
		{9498456D-B65D-4311-98A7-9DC891A8FFE6}.Release|Any CPU.Build.0 = Release|Any CPU
		{9498456D-B65D-4311-98A7-9DC891A8FFE6}.Release|x64.ActiveCfg = Release|Any CPU
		{9498456D-B65D-4311-98A7-9DC891A8FFE6}.Release|x64.Build.0 = Release|Any CPU
		{9498456D-B65D-4311-98A7-9DC891A8FFE6}.Release|x86.ActiveCfg = Release|Any CPU
		{9498456D-B65D-4311-98A7-9DC891A8FFE6}.Release|x86.Build.0 = Release|Any CPU
		{BB2CF470-77E4-41CA-A480-56EAEC63C5D3}.Debug|Any CPU.ActiveCfg = Debug|Any CPU
		{BB2CF470-77E4-41CA-A480-56EAEC63C5D3}.Debug|Any CPU.Build.0 = Debug|Any CPU
		{BB2CF470-77E4-41CA-A480-56EAEC63C5D3}.Debug|x64.ActiveCfg = Debug|Any CPU
		{BB2CF470-77E4-41CA-A480-56EAEC63C5D3}.Debug|x64.Build.0 = Debug|Any CPU
		{BB2CF470-77E4-41CA-A480-56EAEC63C5D3}.Debug|x86.ActiveCfg = Debug|Any CPU
		{BB2CF470-77E4-41CA-A480-56EAEC63C5D3}.Debug|x86.Build.0 = Debug|Any CPU
		{BB2CF470-77E4-41CA-A480-56EAEC63C5D3}.Release|Any CPU.ActiveCfg = Release|Any CPU
		{BB2CF470-77E4-41CA-A480-56EAEC63C5D3}.Release|Any CPU.Build.0 = Release|Any CPU
		{BB2CF470-77E4-41CA-A480-56EAEC63C5D3}.Release|x64.ActiveCfg = Release|Any CPU
		{BB2CF470-77E4-41CA-A480-56EAEC63C5D3}.Release|x64.Build.0 = Release|Any CPU
		{BB2CF470-77E4-41CA-A480-56EAEC63C5D3}.Release|x86.ActiveCfg = Release|Any CPU
		{BB2CF470-77E4-41CA-A480-56EAEC63C5D3}.Release|x86.Build.0 = Release|Any CPU
		{69C12409-69EC-49B9-A17D-6E673C3BE73E}.Debug|Any CPU.ActiveCfg = Debug|Any CPU
		{69C12409-69EC-49B9-A17D-6E673C3BE73E}.Debug|Any CPU.Build.0 = Debug|Any CPU
		{69C12409-69EC-49B9-A17D-6E673C3BE73E}.Debug|x64.ActiveCfg = Debug|Any CPU
		{69C12409-69EC-49B9-A17D-6E673C3BE73E}.Debug|x64.Build.0 = Debug|Any CPU
		{69C12409-69EC-49B9-A17D-6E673C3BE73E}.Debug|x86.ActiveCfg = Debug|Any CPU
		{69C12409-69EC-49B9-A17D-6E673C3BE73E}.Debug|x86.Build.0 = Debug|Any CPU
		{69C12409-69EC-49B9-A17D-6E673C3BE73E}.Release|Any CPU.ActiveCfg = Release|Any CPU
		{69C12409-69EC-49B9-A17D-6E673C3BE73E}.Release|Any CPU.Build.0 = Release|Any CPU
		{69C12409-69EC-49B9-A17D-6E673C3BE73E}.Release|x64.ActiveCfg = Release|Any CPU
		{69C12409-69EC-49B9-A17D-6E673C3BE73E}.Release|x64.Build.0 = Release|Any CPU
		{69C12409-69EC-49B9-A17D-6E673C3BE73E}.Release|x86.ActiveCfg = Release|Any CPU
		{69C12409-69EC-49B9-A17D-6E673C3BE73E}.Release|x86.Build.0 = Release|Any CPU
		{74F13A09-8629-4D51-9EB3-94138751DF3A}.Debug|Any CPU.ActiveCfg = Debug|Any CPU
		{74F13A09-8629-4D51-9EB3-94138751DF3A}.Debug|Any CPU.Build.0 = Debug|Any CPU
		{74F13A09-8629-4D51-9EB3-94138751DF3A}.Debug|x64.ActiveCfg = Debug|Any CPU
		{74F13A09-8629-4D51-9EB3-94138751DF3A}.Debug|x64.Build.0 = Debug|Any CPU
		{74F13A09-8629-4D51-9EB3-94138751DF3A}.Debug|x86.ActiveCfg = Debug|Any CPU
		{74F13A09-8629-4D51-9EB3-94138751DF3A}.Debug|x86.Build.0 = Debug|Any CPU
		{74F13A09-8629-4D51-9EB3-94138751DF3A}.Release|Any CPU.ActiveCfg = Release|Any CPU
		{74F13A09-8629-4D51-9EB3-94138751DF3A}.Release|Any CPU.Build.0 = Release|Any CPU
		{74F13A09-8629-4D51-9EB3-94138751DF3A}.Release|x64.ActiveCfg = Release|Any CPU
		{74F13A09-8629-4D51-9EB3-94138751DF3A}.Release|x64.Build.0 = Release|Any CPU
		{74F13A09-8629-4D51-9EB3-94138751DF3A}.Release|x86.ActiveCfg = Release|Any CPU
		{74F13A09-8629-4D51-9EB3-94138751DF3A}.Release|x86.Build.0 = Release|Any CPU
	EndGlobalSection
	GlobalSection(NestedProjects) = preSolution
		{F3551DF6-3301-4FC5-831C-D0ABBE075301} = {98E209EE-0BE7-4317-B614-DA52FAF715CE}
		{9498456D-B65D-4311-98A7-9DC891A8FFE6} = {98E209EE-0BE7-4317-B614-DA52FAF715CE}
		{BB2CF470-77E4-41CA-A480-56EAEC63C5D3} = {98E209EE-0BE7-4317-B614-DA52FAF715CE}
		{69C12409-69EC-49B9-A17D-6E673C3BE73E} = {072AA046-7ACF-46B6-90AE-68330362DB80}
		{74F13A09-8629-4D51-9EB3-94138751DF3A} = {072AA046-7ACF-46B6-90AE-68330362DB80}
	EndGlobalSection
EndGlobal
